
Microsoft Visual Studio Solution File, Format Version 12.00
# Visual Studio Version 17
VisualStudioVersion = 17.13.35931.197 d17.13
MinimumVisualStudioVersion = 10.0.40219.1
Project("{FAE04EC0-301F-11D3-BF4B-00C04F79EFBC}") = "Konyv", "Konyv.csproj", "{BC5D7B9C-C90D-49C4-BC4B-36FE5C834532}"
EndProject
Global
	GlobalSection(SolutionConfigurationPlatforms) = preSolution
		Debug|Any CPU = Debug|Any CPU
		Release|Any CPU = Release|Any CPU
	EndGlobalSection
	GlobalSection(ProjectConfigurationPlatforms) = postSolution
		{BC5D7B9C-C90D-49C4-BC4B-36FE5C834532}.Debug|Any CPU.ActiveCfg = Debug|Any CPU
		{BC5D7B9C-C90D-49C4-BC4B-36FE5C834532}.Debug|Any CPU.Build.0 = Debug|Any CPU
		{BC5D7B9C-C90D-49C4-BC4B-36FE5C834532}.Release|Any CPU.ActiveCfg = Release|Any CPU
		{BC5D7B9C-C90D-49C4-BC4B-36FE5C834532}.Release|Any CPU.Build.0 = Release|Any CPU
	EndGlobalSection
	GlobalSection(SolutionProperties) = preSolution
		HideSolutionNode = FALSE
	EndGlobalSection
	GlobalSection(ExtensibilityGlobals) = postSolution
		SolutionGuid = {443639D2-D442-4B8C-8B82-BDABEE353672}
	EndGlobalSection
EndGlobal
